
Microsoft Visual Studio Solution File, Format Version 12.00
# Visual Studio Version 17
VisualStudioVersion = 17.2.32616.157
MinimumVisualStudioVersion = 10.0.40219.1
Project("{F184B08F-C81C-45F6-A57F-5ABD9991F28F}") = "HMS", "HMS\HMS.vbproj", "{2A2F5422-79A6-406D-9AE6-B37398B9AC09}"
EndProject
Global
	GlobalSection(SolutionConfigurationPlatforms) = preSolution
		Debug|Any CPU = Debug|Any CPU
		Release|Any CPU = Release|Any CPU
	EndGlobalSection
	GlobalSection(ProjectConfigurationPlatforms) = postSolution
		{2A2F5422-79A6-406D-9AE6-B37398B9AC09}.Debug|Any CPU.ActiveCfg = Debug|Any CPU
		{2A2F5422-79A6-406D-9AE6-B37398B9AC09}.Debug|Any CPU.Build.0 = Debug|Any CPU
		{2A2F5422-79A6-406D-9AE6-B37398B9AC09}.Release|Any CPU.ActiveCfg = Release|Any CPU
		{2A2F5422-79A6-406D-9AE6-B37398B9AC09}.Release|Any CPU.Build.0 = Release|Any CPU
	EndGlobalSection
	GlobalSection(SolutionProperties) = preSolution
		HideSolutionNode = FALSE
	EndGlobalSection
	GlobalSection(ExtensibilityGlobals) = postSolution
		SolutionGuid = {B9D25B2D-8B9F-485A-ADA0-34EAD03E768D}
	EndGlobalSection
EndGlobal
